
Microsoft Visual Studio Solution File, Format Version 12.00
#
Project("{2150E333-8FDC-42A3-9474-1A3956D46DE8}") = "Solution Items", "Solution Items", "{C8129BD4-C23D-49AC-8FAD-EB2FC5710CD5}"
	ProjectSection(SolutionItems) = preProject
		global.json = global.json
		README.md = README.md
		src\docker-compose.yml = src\docker-compose.yml
		src\docker-compose.override.yml = src\docker-compose.override.yml
		.gitignore = .gitignore
	EndProjectSection
EndProject
Project("{2150E333-8FDC-42A3-9474-1A3956D46DE8}") = "src", "src", "{ECE15384-6C3B-4760-B332-3F5881122094}"
	ProjectSection(SolutionItems) = preProject
		src\docker-compose.yml = src\docker-compose.yml
	EndProjectSection
EndProject
Project("{2150E333-8FDC-42A3-9474-1A3956D46DE8}") = "tests", "tests", "{F70A3640-FE26-4C79-8D7F-8AFD050CE5E4}"
EndProject
Project("{2150E333-8FDC-42A3-9474-1A3956D46DE8}") = "ApiGateways", "ApiGateways", "{B9404077-BC99-421A-9F4B-127138DF558B}"
EndProject
Project("{2150E333-8FDC-42A3-9474-1A3956D46DE8}") = "BuildingBlocks", "BuildingBlocks", "{67DC1DA0-EFED-4DB0-8A49-43C51CC11F9F}"
EndProject
Project("{2150E333-8FDC-42A3-9474-1A3956D46DE8}") = "Services", "Services", "{57E73C3E-A36C-4C32-A3CF-609AE5736871}"
EndProject
Project("{2150E333-8FDC-42A3-9474-1A3956D46DE8}") = "WebApps", "WebApps", "{ED28E544-5DC6-48C8-96E1-B4F45FE9402E}"
EndProject
Project("{FAE04EC0-301F-11D3-BF4B-00C04F79EFBC}") = "Common.Logging", "src\BuildingBlocks\Common.Logging\Common.Logging.csproj", "{52100DCD-596D-47B5-91D6-E5EF440BF316}"
EndProject
Project("{FAE04EC0-301F-11D3-BF4B-00C04F79EFBC}") = "EventBus.Messages", "src\BuildingBlocks\EventBus.Messages\EventBus.Messages.csproj", "{4EACCD29-CC22-4C12-9635-CA7D2509E256}"
EndProject
Project("{2150E333-8FDC-42A3-9474-1A3956D46DE8}") = "Payment", "Payment", "{9321DEDD-127D-40F9-9759-73FAE7A53305}"
EndProject
Project("{2150E333-8FDC-42A3-9474-1A3956D46DE8}") = "ScheduledJob", "ScheduledJob", "{B1AABB58-7BC9-40F4-B985-6A80E7BAB24C}"
EndProject
Project("{FAE04EC0-301F-11D3-BF4B-00C04F79EFBC}") = "WebHealthStatus", "src\WebApps\WebHealthStatus\WebHealthStatus.csproj", "{2874DCC2-DA39-421E-B20B-357DA9241E65}"
EndProject
Project("{FAE04EC0-301F-11D3-BF4B-00C04F79EFBC}") = "PaymentService", "src\Services\PaymentService\PaymentService.csproj", "{EAD3DE63-AD2D-4457-BDDC-15AB59309A92}"
EndProject
Project("{FAE04EC0-301F-11D3-BF4B-00C04F79EFBC}") = "Hangfire.API", "src\Services\Hangfire.API\Hangfire.API.csproj", "{28256C92-F504-465D-9810-0DE681AF4614}"
EndProject
Project("{FAE04EC0-301F-11D3-BF4B-00C04F79EFBC}") = "Contracts", "src\BuildingBlocks\Contracts\Contracts.csproj", "{4C09E33C-1EEF-40D6-9E04-3DBF86FB0A12}"
EndProject
Project("{FAE04EC0-301F-11D3-BF4B-00C04F79EFBC}") = "Infrastructure", "src\BuildingBlocks\Infrastructure\Infrastructure.csproj", "{FDA7D344-3676-40F9-875D-5DE83AED88D8}"
EndProject
Project("{FAE04EC0-301F-11D3-BF4B-00C04F79EFBC}") = "Shared", "src\BuildingBlocks\Shared\Shared.csproj", "{4AC61E2D-6428-4098-B068-6E1FCC6A3923}"
EndProject
Project("{FAE04EC0-301F-11D3-BF4B-00C04F79EFBC}") = "OcelotApiGw", "src\ApiGateways\OcelotApiGw\OcelotApiGw.csproj", "{9A769BDC-CB2B-479B-8B73-008FA1D847E2}"
EndProject
Project("{2150E333-8FDC-42A3-9474-1A3956D46DE8}") = "Notifications", "Notifications", "{F5C90D1C-1F3C-48A9-AA23-79414A886894}"
EndProject
Project("{FAE04EC0-301F-11D3-BF4B-00C04F79EFBC}") = "NotificationService", "src\Services\NotificationService\NotificationService.csproj", "{B8374E5B-6613-4A69-B94D-7369190D0DBC}"
EndProject
Global
	GlobalSection(SolutionConfigurationPlatforms) = preSolution
		Debug|Any CPU = Debug|Any CPU
		Release|Any CPU = Release|Any CPU
	EndGlobalSection
	GlobalSection(NestedProjects) = preSolution
		{B9404077-BC99-421A-9F4B-127138DF558B} = {ECE15384-6C3B-4760-B332-3F5881122094}
		{67DC1DA0-EFED-4DB0-8A49-43C51CC11F9F} = {ECE15384-6C3B-4760-B332-3F5881122094}
		{57E73C3E-A36C-4C32-A3CF-609AE5736871} = {ECE15384-6C3B-4760-B332-3F5881122094}
		{ED28E544-5DC6-48C8-96E1-B4F45FE9402E} = {ECE15384-6C3B-4760-B332-3F5881122094}
		{52100DCD-596D-47B5-91D6-E5EF440BF316} = {67DC1DA0-EFED-4DB0-8A49-43C51CC11F9F}
		{4EACCD29-CC22-4C12-9635-CA7D2509E256} = {67DC1DA0-EFED-4DB0-8A49-43C51CC11F9F}
		{9321DEDD-127D-40F9-9759-73FAE7A53305} = {57E73C3E-A36C-4C32-A3CF-609AE5736871}
		{B1AABB58-7BC9-40F4-B985-6A80E7BAB24C} = {57E73C3E-A36C-4C32-A3CF-609AE5736871}
		{2874DCC2-DA39-421E-B20B-357DA9241E65} = {ED28E544-5DC6-48C8-96E1-B4F45FE9402E}
		{EAD3DE63-AD2D-4457-BDDC-15AB59309A92} = {9321DEDD-127D-40F9-9759-73FAE7A53305}
		{28256C92-F504-465D-9810-0DE681AF4614} = {B1AABB58-7BC9-40F4-B985-6A80E7BAB24C}
		{4C09E33C-1EEF-40D6-9E04-3DBF86FB0A12} = {67DC1DA0-EFED-4DB0-8A49-43C51CC11F9F}
		{FDA7D344-3676-40F9-875D-5DE83AED88D8} = {67DC1DA0-EFED-4DB0-8A49-43C51CC11F9F}
		{4AC61E2D-6428-4098-B068-6E1FCC6A3923} = {67DC1DA0-EFED-4DB0-8A49-43C51CC11F9F}
		{9A769BDC-CB2B-479B-8B73-008FA1D847E2} = {B9404077-BC99-421A-9F4B-127138DF558B}
		{F5C90D1C-1F3C-48A9-AA23-79414A886894} = {57E73C3E-A36C-4C32-A3CF-609AE5736871}
		{B8374E5B-6613-4A69-B94D-7369190D0DBC} = {F5C90D1C-1F3C-48A9-AA23-79414A886894}
	EndGlobalSection
	GlobalSection(ProjectConfigurationPlatforms) = postSolution
		{52100DCD-596D-47B5-91D6-E5EF440BF316}.Debug|Any CPU.ActiveCfg = Debug|Any CPU
		{52100DCD-596D-47B5-91D6-E5EF440BF316}.Debug|Any CPU.Build.0 = Debug|Any CPU
		{52100DCD-596D-47B5-91D6-E5EF440BF316}.Release|Any CPU.ActiveCfg = Release|Any CPU
		{52100DCD-596D-47B5-91D6-E5EF440BF316}.Release|Any CPU.Build.0 = Release|Any CPU
		{4EACCD29-CC22-4C12-9635-CA7D2509E256}.Debug|Any CPU.ActiveCfg = Debug|Any CPU
		{4EACCD29-CC22-4C12-9635-CA7D2509E256}.Debug|Any CPU.Build.0 = Debug|Any CPU
		{4EACCD29-CC22-4C12-9635-CA7D2509E256}.Release|Any CPU.ActiveCfg = Release|Any CPU
		{4EACCD29-CC22-4C12-9635-CA7D2509E256}.Release|Any CPU.Build.0 = Release|Any CPU
		{2874DCC2-DA39-421E-B20B-357DA9241E65}.Debug|Any CPU.ActiveCfg = Debug|Any CPU
		{2874DCC2-DA39-421E-B20B-357DA9241E65}.Debug|Any CPU.Build.0 = Debug|Any CPU
		{2874DCC2-DA39-421E-B20B-357DA9241E65}.Release|Any CPU.ActiveCfg = Release|Any CPU
		{2874DCC2-DA39-421E-B20B-357DA9241E65}.Release|Any CPU.Build.0 = Release|Any CPU
		{EAD3DE63-AD2D-4457-BDDC-15AB59309A92}.Debug|Any CPU.ActiveCfg = Debug|Any CPU
		{EAD3DE63-AD2D-4457-BDDC-15AB59309A92}.Debug|Any CPU.Build.0 = Debug|Any CPU
		{EAD3DE63-AD2D-4457-BDDC-15AB59309A92}.Release|Any CPU.ActiveCfg = Release|Any CPU
		{EAD3DE63-AD2D-4457-BDDC-15AB59309A92}.Release|Any CPU.Build.0 = Release|Any CPU
		{28256C92-F504-465D-9810-0DE681AF4614}.Debug|Any CPU.ActiveCfg = Debug|Any CPU
		{28256C92-F504-465D-9810-0DE681AF4614}.Debug|Any CPU.Build.0 = Debug|Any CPU
		{28256C92-F504-465D-9810-0DE681AF4614}.Release|Any CPU.ActiveCfg = Release|Any CPU
		{28256C92-F504-465D-9810-0DE681AF4614}.Release|Any CPU.Build.0 = Release|Any CPU
		{4C09E33C-1EEF-40D6-9E04-3DBF86FB0A12}.Debug|Any CPU.ActiveCfg = Debug|Any CPU
		{4C09E33C-1EEF-40D6-9E04-3DBF86FB0A12}.Debug|Any CPU.Build.0 = Debug|Any CPU
		{4C09E33C-1EEF-40D6-9E04-3DBF86FB0A12}.Release|Any CPU.ActiveCfg = Release|Any CPU
		{4C09E33C-1EEF-40D6-9E04-3DBF86FB0A12}.Release|Any CPU.Build.0 = Release|Any CPU
		{FDA7D344-3676-40F9-875D-5DE83AED88D8}.Debug|Any CPU.ActiveCfg = Debug|Any CPU
		{FDA7D344-3676-40F9-875D-5DE83AED88D8}.Debug|Any CPU.Build.0 = Debug|Any CPU
		{FDA7D344-3676-40F9-875D-5DE83AED88D8}.Release|Any CPU.ActiveCfg = Release|Any CPU
		{FDA7D344-3676-40F9-875D-5DE83AED88D8}.Release|Any CPU.Build.0 = Release|Any CPU
		{4AC61E2D-6428-4098-B068-6E1FCC6A3923}.Debug|Any CPU.ActiveCfg = Debug|Any CPU
		{4AC61E2D-6428-4098-B068-6E1FCC6A3923}.Debug|Any CPU.Build.0 = Debug|Any CPU
		{4AC61E2D-6428-4098-B068-6E1FCC6A3923}.Release|Any CPU.ActiveCfg = Release|Any CPU
		{4AC61E2D-6428-4098-B068-6E1FCC6A3923}.Release|Any CPU.Build.0 = Release|Any CPU
		{9A769BDC-CB2B-479B-8B73-008FA1D847E2}.Debug|Any CPU.ActiveCfg = Debug|Any CPU
		{9A769BDC-CB2B-479B-8B73-008FA1D847E2}.Debug|Any CPU.Build.0 = Debug|Any CPU
		{9A769BDC-CB2B-479B-8B73-008FA1D847E2}.Release|Any CPU.ActiveCfg = Release|Any CPU
		{9A769BDC-CB2B-479B-8B73-008FA1D847E2}.Release|Any CPU.Build.0 = Release|Any CPU
		{B8374E5B-6613-4A69-B94D-7369190D0DBC}.Debug|Any CPU.ActiveCfg = Debug|Any CPU
		{B8374E5B-6613-4A69-B94D-7369190D0DBC}.Debug|Any CPU.Build.0 = Debug|Any CPU
		{B8374E5B-6613-4A69-B94D-7369190D0DBC}.Release|Any CPU.ActiveCfg = Release|Any CPU
		{B8374E5B-6613-4A69-B94D-7369190D0DBC}.Release|Any CPU.Build.0 = Release|Any CPU
	EndGlobalSection
EndGlobal
